// !$*UTF8*$!
{
	archiveVersion = 1;
	classes = {
	};
	objectVersion = 50;
	objects = {

/* Begin PBXBuildFile section */
		1F0AEA122717679C00052509 /* TableViewViewModelProtocol.swift in Sources */ = {isa = PBXBuildFile; fileRef = 1F0AEA112717679C00052509 /* TableViewViewModelProtocol.swift */; };
		1F0AEA14271767C800052509 /* TableViewCellViewModelProtocol.swift in Sources */ = {isa = PBXBuildFile; fileRef = 1F0AEA13271767C800052509 /* TableViewCellViewModelProtocol.swift */; };
		1F0AEA16271768A800052509 /* RegistrationTableViewModel.swift in Sources */ = {isa = PBXBuildFile; fileRef = 1F0AEA15271768A800052509 /* RegistrationTableViewModel.swift */; };
		1F0AEA182717694900052509 /* AuthenticationCellViewModel.swift in Sources */ = {isa = PBXBuildFile; fileRef = 1F0AEA172717694900052509 /* AuthenticationCellViewModel.swift */; };
		1F0AEA1A27176A5400052509 /* LoginTableViewViewModel.swift in Sources */ = {isa = PBXBuildFile; fileRef = 1F0AEA1927176A5400052509 /* LoginTableViewViewModel.swift */; };
		1F0AEA1C27177EFF00052509 /* AuthenticationCellViewModelDelegate.swift in Sources */ = {isa = PBXBuildFile; fileRef = 1F0AEA1B27177EFE00052509 /* AuthenticationCellViewModelDelegate.swift */; };
		1F0AEA2027185DAD00052509 /* LoginValidationManager.swift in Sources */ = {isa = PBXBuildFile; fileRef = 1F0AEA1F27185DAD00052509 /* LoginValidationManager.swift */; };
		1F1DA4A82701A22500757C9E /* AuthenticationCell.swift in Sources */ = {isa = PBXBuildFile; fileRef = 1F1DA4A72701A22500757C9E /* AuthenticationCell.swift */; };
		1F1DA4AB2701A24700757C9E /* AuthenticationCell.xib in Resources */ = {isa = PBXBuildFile; fileRef = 1F1DA4AA2701A24700757C9E /* AuthenticationCell.xib */; };
		1F550B4A27144EE3007BADB6 /* TrackListViewController.swift in Sources */ = {isa = PBXBuildFile; fileRef = 1F550B4927144EE3007BADB6 /* TrackListViewController.swift */; };
		1F59B64826FE477400C5A614 /* AppDelegate.swift in Sources */ = {isa = PBXBuildFile; fileRef = 1F59B64726FE477400C5A614 /* AppDelegate.swift */; };
		1F59B64C26FE477400C5A614 /* RegistrationViewController.swift in Sources */ = {isa = PBXBuildFile; fileRef = 1F59B64B26FE477400C5A614 /* RegistrationViewController.swift */; };
		1F59B65226FE477500C5A614 /* MobileDevApp.xcdatamodeld in Sources */ = {isa = PBXBuildFile; fileRef = 1F59B65026FE477400C5A614 /* MobileDevApp.xcdatamodeld */; };
		1F59B65426FE478100C5A614 /* Assets.xcassets in Resources */ = {isa = PBXBuildFile; fileRef = 1F59B65326FE478100C5A614 /* Assets.xcassets */; };
		1F59B65726FE478100C5A614 /* LaunchScreen.storyboard in Resources */ = {isa = PBXBuildFile; fileRef = 1F59B65526FE478100C5A614 /* LaunchScreen.storyboard */; };
		1F6EDF01271052EC00DC994B /* TextFieldData.swift in Sources */ = {isa = PBXBuildFile; fileRef = 1F6EDF00271052EC00DC994B /* TextFieldData.swift */; };
		1F6EDF0727105A6B00DC994B /* RegistrationValidationManager.swift in Sources */ = {isa = PBXBuildFile; fileRef = 1F6EDF0627105A6B00DC994B /* RegistrationValidationManager.swift */; };
		1F6EDF0B2710609E00DC994B /* LoginViewController.swift in Sources */ = {isa = PBXBuildFile; fileRef = 1F6EDF0A2710609E00DC994B /* LoginViewController.swift */; };
/* End PBXBuildFile section */

/* Begin PBXFileReference section */
		1F0AEA112717679C00052509 /* TableViewViewModelProtocol.swift */ = {isa = PBXFileReference; lastKnownFileType = sourcecode.swift; path = TableViewViewModelProtocol.swift; sourceTree = "<group>"; };
		1F0AEA13271767C800052509 /* TableViewCellViewModelProtocol.swift */ = {isa = PBXFileReference; lastKnownFileType = sourcecode.swift; path = TableViewCellViewModelProtocol.swift; sourceTree = "<group>"; };
		1F0AEA15271768A800052509 /* RegistrationTableViewModel.swift */ = {isa = PBXFileReference; lastKnownFileType = sourcecode.swift; path = RegistrationTableViewModel.swift; sourceTree = "<group>"; };
		1F0AEA172717694900052509 /* AuthenticationCellViewModel.swift */ = {isa = PBXFileReference; lastKnownFileType = sourcecode.swift; path = AuthenticationCellViewModel.swift; sourceTree = "<group>"; };
		1F0AEA1927176A5400052509 /* LoginTableViewViewModel.swift */ = {isa = PBXFileReference; lastKnownFileType = sourcecode.swift; path = LoginTableViewViewModel.swift; sourceTree = "<group>"; };
		1F0AEA1B27177EFE00052509 /* AuthenticationCellViewModelDelegate.swift */ = {isa = PBXFileReference; lastKnownFileType = sourcecode.swift; path = AuthenticationCellViewModelDelegate.swift; sourceTree = "<group>"; };
		1F0AEA1F27185DAD00052509 /* LoginValidationManager.swift */ = {isa = PBXFileReference; lastKnownFileType = sourcecode.swift; path = LoginValidationManager.swift; sourceTree = "<group>"; };
		1F1DA4A72701A22500757C9E /* AuthenticationCell.swift */ = {isa = PBXFileReference; lastKnownFileType = sourcecode.swift; path = AuthenticationCell.swift; sourceTree = "<group>"; };
		1F1DA4AA2701A24700757C9E /* AuthenticationCell.xib */ = {isa = PBXFileReference; lastKnownFileType = file.xib; path = AuthenticationCell.xib; sourceTree = "<group>"; };
		1F550B4927144EE3007BADB6 /* TrackListViewController.swift */ = {isa = PBXFileReference; lastKnownFileType = sourcecode.swift; path = TrackListViewController.swift; sourceTree = "<group>"; };
		1F59B64426FE477400C5A614 /* MobileDevApp.app */ = {isa = PBXFileReference; explicitFileType = wrapper.application; includeInIndex = 0; path = MobileDevApp.app; sourceTree = BUILT_PRODUCTS_DIR; };
		1F59B64726FE477400C5A614 /* AppDelegate.swift */ = {isa = PBXFileReference; lastKnownFileType = sourcecode.swift; path = AppDelegate.swift; sourceTree = "<group>"; };
		1F59B64B26FE477400C5A614 /* RegistrationViewController.swift */ = {isa = PBXFileReference; lastKnownFileType = sourcecode.swift; path = RegistrationViewController.swift; sourceTree = "<group>"; };
		1F59B65126FE477400C5A614 /* MobileDevApp.xcdatamodel */ = {isa = PBXFileReference; lastKnownFileType = wrapper.xcdatamodel; path = MobileDevApp.xcdatamodel; sourceTree = "<group>"; };
		1F59B65326FE478100C5A614 /* Assets.xcassets */ = {isa = PBXFileReference; lastKnownFileType = folder.assetcatalog; path = Assets.xcassets; sourceTree = "<group>"; };
		1F59B65626FE478100C5A614 /* Base */ = {isa = PBXFileReference; lastKnownFileType = file.storyboard; name = Base; path = Base.lproj/LaunchScreen.storyboard; sourceTree = "<group>"; };
		1F59B65826FE478100C5A614 /* Info.plist */ = {isa = PBXFileReference; lastKnownFileType = text.plist.xml; path = Info.plist; sourceTree = "<group>"; };
		1F6EDF00271052EC00DC994B /* TextFieldData.swift */ = {isa = PBXFileReference; lastKnownFileType = sourcecode.swift; path = TextFieldData.swift; sourceTree = "<group>"; };
		1F6EDF0627105A6B00DC994B /* RegistrationValidationManager.swift */ = {isa = PBXFileReference; lastKnownFileType = sourcecode.swift; path = RegistrationValidationManager.swift; sourceTree = "<group>"; };
		1F6EDF0A2710609E00DC994B /* LoginViewController.swift */ = {isa = PBXFileReference; lastKnownFileType = sourcecode.swift; path = LoginViewController.swift; sourceTree = "<group>"; };
/* End PBXFileReference section */

/* Begin PBXFrameworksBuildPhase section */
		1F59B64126FE477400C5A614 /* Frameworks */ = {
			isa = PBXFrameworksBuildPhase;
			buildActionMask = 2147483647;
			files = (
			);
			runOnlyForDeploymentPostprocessing = 0;
		};
/* End PBXFrameworksBuildPhase section */

/* Begin PBXGroup section */
		1F0AEA0F2717651500052509 /* ViewModel */ = {
			isa = PBXGroup;
			children = (
				1F0AEA172717694900052509 /* AuthenticationCellViewModel.swift */,
				1F0AEA15271768A800052509 /* RegistrationTableViewModel.swift */,
				1F0AEA1927176A5400052509 /* LoginTableViewViewModel.swift */,
			);
			path = ViewModel;
			sourceTree = "<group>";
		};
		1F0AEA102717651D00052509 /* Protocols */ = {
			isa = PBXGroup;
			children = (
				1F0AEA1B27177EFE00052509 /* AuthenticationCellViewModelDelegate.swift */,
				1F0AEA112717679C00052509 /* TableViewViewModelProtocol.swift */,
				1F0AEA13271767C800052509 /* TableViewCellViewModelProtocol.swift */,
			);
			path = Protocols;
			sourceTree = "<group>";
		};
		1F59B63B26FE477400C5A614 = {
			isa = PBXGroup;
			children = (
				1F59B64626FE477400C5A614 /* MobileDevApp */,
				1F59B64526FE477400C5A614 /* Products */,
			);
			sourceTree = "<group>";
		};
		1F59B64526FE477400C5A614 /* Products */ = {
			isa = PBXGroup;
			children = (
				1F59B64426FE477400C5A614 /* MobileDevApp.app */,
			);
			name = Products;
			sourceTree = "<group>";
		};
		1F59B64626FE477400C5A614 /* MobileDevApp */ = {
			isa = PBXGroup;
			children = (
				1F6EDEFF2710529600DC994B /* Model */,
				1F6EDEFA270F990B00DC994B /* View */,
				1F0AEA0F2717651500052509 /* ViewModel */,
				1F0AEA102717651D00052509 /* Protocols */,
				1F6EDEFD270F993F00DC994B /* CoreData */,
				1F6EDEFC270F992B00DC994B /* Support */,
				1F59B65326FE478100C5A614 /* Assets.xcassets */,
				1F59B65526FE478100C5A614 /* LaunchScreen.storyboard */,
				1F59B65826FE478100C5A614 /* Info.plist */,
			);
			path = MobileDevApp;
			sourceTree = "<group>";
		};
		1F6EDEFA270F990B00DC994B /* View */ = {
			isa = PBXGroup;
			children = (
				1F1DA4A72701A22500757C9E /* AuthenticationCell.swift */,
				1F1DA4AA2701A24700757C9E /* AuthenticationCell.xib */,
				1F59B64B26FE477400C5A614 /* RegistrationViewController.swift */,
				1F6EDF0A2710609E00DC994B /* LoginViewController.swift */,
				1F550B4927144EE3007BADB6 /* TrackListViewController.swift */,
			);
			path = View;
			sourceTree = "<group>";
		};
		1F6EDEFC270F992B00DC994B /* Support */ = {
			isa = PBXGroup;
			children = (
				1F59B64726FE477400C5A614 /* AppDelegate.swift */,
			);
			path = Support;
			sourceTree = "<group>";
		};
		1F6EDEFD270F993F00DC994B /* CoreData */ = {
			isa = PBXGroup;
			children = (
				1F59B65026FE477400C5A614 /* MobileDevApp.xcdatamodeld */,
			);
			path = CoreData;
			sourceTree = "<group>";
		};
		1F6EDEFF2710529600DC994B /* Model */ = {
			isa = PBXGroup;
			children = (
				1F6EDF00271052EC00DC994B /* TextFieldData.swift */,
				1F6EDF0627105A6B00DC994B /* RegistrationValidationManager.swift */,
				1F0AEA1F27185DAD00052509 /* LoginValidationManager.swift */,
			);
			path = Model;
			sourceTree = "<group>";
		};
/* End PBXGroup section */

/* Begin PBXNativeTarget section */
		1F59B64326FE477400C5A614 /* MobileDevApp */ = {
			isa = PBXNativeTarget;
			buildConfigurationList = 1F59B65B26FE478100C5A614 /* Build configuration list for PBXNativeTarget "MobileDevApp" */;
			buildPhases = (
				1F59B64026FE477400C5A614 /* Sources */,
				1F59B64126FE477400C5A614 /* Frameworks */,
				1F59B64226FE477400C5A614 /* Resources */,
				1F1DA43C26FF88DF00757C9E /* ShellScript */,
				1F1DA4A42701A1C700757C9E /* ShellScript */,
			);
			buildRules = (
			);
			dependencies = (
			);
			name = MobileDevApp;
			productName = MobileDevApp;
			productReference = 1F59B64426FE477400C5A614 /* MobileDevApp.app */;
			productType = "com.apple.product-type.application";
		};
/* End PBXNativeTarget section */

/* Begin PBXProject section */
		1F59B63C26FE477400C5A614 /* Project object */ = {
			isa = PBXProject;
			attributes = {
				LastSwiftUpdateCheck = 1240;
				LastUpgradeCheck = 1240;
				TargetAttributes = {
					1F59B64326FE477400C5A614 = {
						CreatedOnToolsVersion = 12.4;
					};
				};
			};
			buildConfigurationList = 1F59B63F26FE477400C5A614 /* Build configuration list for PBXProject "MobileDevApp" */;
			compatibilityVersion = "Xcode 9.3";
			developmentRegion = en;
			hasScannedForEncodings = 0;
			knownRegions = (
				en,
				Base,
			);
			mainGroup = 1F59B63B26FE477400C5A614;
			productRefGroup = 1F59B64526FE477400C5A614 /* Products */;
			projectDirPath = "";
			projectRoot = "";
			targets = (
				1F59B64326FE477400C5A614 /* MobileDevApp */,
			);
		};
/* End PBXProject section */

/* Begin PBXResourcesBuildPhase section */
		1F59B64226FE477400C5A614 /* Resources */ = {
			isa = PBXResourcesBuildPhase;
			buildActionMask = 2147483647;
			files = (
				1F59B65726FE478100C5A614 /* LaunchScreen.storyboard in Resources */,
				1F59B65426FE478100C5A614 /* Assets.xcassets in Resources */,
				1F1DA4AB2701A24700757C9E /* AuthenticationCell.xib in Resources */,
			);
			runOnlyForDeploymentPostprocessing = 0;
		};
/* End PBXResourcesBuildPhase section */

/* Begin PBXShellScriptBuildPhase section */
		1F1DA43C26FF88DF00757C9E /* ShellScript */ = {
			isa = PBXShellScriptBuildPhase;
			buildActionMask = 2147483647;
			files = (
			);
			inputFileListPaths = (
			);
			inputPaths = (
			);
			outputFileListPaths = (
			);
			outputPaths = (
			);
			runOnlyForDeploymentPostprocessing = 0;
			shellPath = /bin/sh;
			shellScript = "if which swiftlint >/dev/null; then\n  swiftlint\nelse\n  echo \"error: SwiftLint does not exist, download it from https://github.com/realm/SwiftLint\"\n  exit 1\nfi\n";
		};
		1F1DA4A42701A1C700757C9E /* ShellScript */ = {
			isa = PBXShellScriptBuildPhase;
			buildActionMask = 2147483647;
			files = (
			);
			inputFileListPaths = (
			);
			inputPaths = (
			);
			outputFileListPaths = (
			);
			outputPaths = (
			);
			runOnlyForDeploymentPostprocessing = 0;
			shellPath = /bin/sh;
			shellScript = "if which swiftlint >/dev/null; then\n  swiftlint\nelse\n  echo \"error: SwiftLint does not exist, download it from https://github.com/realm/SwiftLint\"\n  exit 1\nfi\n";
		};
/* End PBXShellScriptBuildPhase section */

/* Begin PBXSourcesBuildPhase section */
		1F59B64026FE477400C5A614 /* Sources */ = {
			isa = PBXSourcesBuildPhase;
			buildActionMask = 2147483647;
			files = (
				1F550B4A27144EE3007BADB6 /* TrackListViewController.swift in Sources */,
				1F6EDF0B2710609E00DC994B /* LoginViewController.swift in Sources */,
				1F59B64C26FE477400C5A614 /* RegistrationViewController.swift in Sources */,
				1F0AEA2027185DAD00052509 /* LoginValidationManager.swift in Sources */,
				1F0AEA16271768A800052509 /* RegistrationTableViewModel.swift in Sources */,
				1F59B65226FE477500C5A614 /* MobileDevApp.xcdatamodeld in Sources */,
				1F6EDF0727105A6B00DC994B /* RegistrationValidationManager.swift in Sources */,
				1F59B64826FE477400C5A614 /* AppDelegate.swift in Sources */,
				1F1DA4A82701A22500757C9E /* AuthenticationCell.swift in Sources */,
				1F0AEA182717694900052509 /* AuthenticationCellViewModel.swift in Sources */,
				1F0AEA122717679C00052509 /* TableViewViewModelProtocol.swift in Sources */,
				1F0AEA1A27176A5400052509 /* LoginTableViewViewModel.swift in Sources */,
				1F0AEA1C27177EFF00052509 /* AuthenticationCellViewModelDelegate.swift in Sources */,
				1F0AEA14271767C800052509 /* TableViewCellViewModelProtocol.swift in Sources */,
				1F6EDF01271052EC00DC994B /* TextFieldData.swift in Sources */,
			);
			runOnlyForDeploymentPostprocessing = 0;
		};
/* End PBXSourcesBuildPhase section */

/* Begin PBXVariantGroup section */
		1F59B65526FE478100C5A614 /* LaunchScreen.storyboard */ = {
			isa = PBXVariantGroup;
			children = (
				1F59B65626FE478100C5A614 /* Base */,
			);
			name = LaunchScreen.storyboard;
			sourceTree = "<group>";
		};
/* End PBXVariantGroup section */

/* Begin XCBuildConfiguration section */
		1F59B65926FE478100C5A614 /* Debug */ = {
			isa = XCBuildConfiguration;
			buildSettings = {
				ALWAYS_SEARCH_USER_PATHS = NO;
				CLANG_ANALYZER_NONNULL = YES;
				CLANG_ANALYZER_NUMBER_OBJECT_CONVERSION = YES_AGGRESSIVE;
				CLANG_CXX_LANGUAGE_STANDARD = "gnu++14";
				CLANG_CXX_LIBRARY = "libc++";
				CLANG_ENABLE_MODULES = YES;
				CLANG_ENABLE_OBJC_ARC = YES;
				CLANG_ENABLE_OBJC_WEAK = YES;
				CLANG_WARN_BLOCK_CAPTURE_AUTORELEASING = YES;
				CLANG_WARN_BOOL_CONVERSION = YES;
				CLANG_WARN_COMMA = YES;
				CLANG_WARN_CONSTANT_CONVERSION = YES;
				CLANG_WARN_DEPRECATED_OBJC_IMPLEMENTATIONS = YES;
				CLANG_WARN_DIRECT_OBJC_ISA_USAGE = YES_ERROR;
				CLANG_WARN_DOCUMENTATION_COMMENTS = YES;
				CLANG_WARN_EMPTY_BODY = YES;
				CLANG_WARN_ENUM_CONVERSION = YES;
				CLANG_WARN_INFINITE_RECURSION = YES;
				CLANG_WARN_INT_CONVERSION = YES;
				CLANG_WARN_NON_LITERAL_NULL_CONVERSION = YES;
				CLANG_WARN_OBJC_IMPLICIT_RETAIN_SELF = YES;
				CLANG_WARN_OBJC_LITERAL_CONVERSION = YES;
				CLANG_WARN_OBJC_ROOT_CLASS = YES_ERROR;
				CLANG_WARN_QUOTED_INCLUDE_IN_FRAMEWORK_HEADER = YES;
				CLANG_WARN_RANGE_LOOP_ANALYSIS = YES;
				CLANG_WARN_STRICT_PROTOTYPES = YES;
				CLANG_WARN_SUSPICIOUS_MOVE = YES;
				CLANG_WARN_UNGUARDED_AVAILABILITY = YES_AGGRESSIVE;
				CLANG_WARN_UNREACHABLE_CODE = YES;
				CLANG_WARN__DUPLICATE_METHOD_MATCH = YES;
				COPY_PHASE_STRIP = NO;
				DEBUG_INFORMATION_FORMAT = dwarf;
				ENABLE_STRICT_OBJC_MSGSEND = YES;
				ENABLE_TESTABILITY = YES;
				GCC_C_LANGUAGE_STANDARD = gnu11;
				GCC_DYNAMIC_NO_PIC = NO;
				GCC_NO_COMMON_BLOCKS = YES;
				GCC_OPTIMIZATION_LEVEL = 0;
				GCC_PREPROCESSOR_DEFINITIONS = (
					"DEBUG=1",
					"$(inherited)",
				);
				GCC_WARN_64_TO_32_BIT_CONVERSION = YES;
				GCC_WARN_ABOUT_RETURN_TYPE = YES_ERROR;
				GCC_WARN_UNDECLARED_SELECTOR = YES;
				GCC_WARN_UNINITIALIZED_AUTOS = YES_AGGRESSIVE;
				GCC_WARN_UNUSED_FUNCTION = YES;
				GCC_WARN_UNUSED_VARIABLE = YES;
				IPHONEOS_DEPLOYMENT_TARGET = 14.4;
				MTL_ENABLE_DEBUG_INFO = INCLUDE_SOURCE;
				MTL_FAST_MATH = YES;
				ONLY_ACTIVE_ARCH = YES;
				SDKROOT = iphoneos;
				SWIFT_ACTIVE_COMPILATION_CONDITIONS = DEBUG;
				SWIFT_OPTIMIZATION_LEVEL = "-Onone";
			};
			name = Debug;
		};
		1F59B65A26FE478100C5A614 /* Release */ = {
			isa = XCBuildConfiguration;
			buildSettings = {
				ALWAYS_SEARCH_USER_PATHS = NO;
				CLANG_ANALYZER_NONNULL = YES;
				CLANG_ANALYZER_NUMBER_OBJECT_CONVERSION = YES_AGGRESSIVE;
				CLANG_CXX_LANGUAGE_STANDARD = "gnu++14";
				CLANG_CXX_LIBRARY = "libc++";
				CLANG_ENABLE_MODULES = YES;
				CLANG_ENABLE_OBJC_ARC = YES;
				CLANG_ENABLE_OBJC_WEAK = YES;
				CLANG_WARN_BLOCK_CAPTURE_AUTORELEASING = YES;
				CLANG_WARN_BOOL_CONVERSION = YES;
				CLANG_WARN_COMMA = YES;
				CLANG_WARN_CONSTANT_CONVERSION = YES;
				CLANG_WARN_DEPRECATED_OBJC_IMPLEMENTATIONS = YES;
				CLANG_WARN_DIRECT_OBJC_ISA_USAGE = YES_ERROR;
				CLANG_WARN_DOCUMENTATION_COMMENTS = YES;
				CLANG_WARN_EMPTY_BODY = YES;
				CLANG_WARN_ENUM_CONVERSION = YES;
				CLANG_WARN_INFINITE_RECURSION = YES;
				CLANG_WARN_INT_CONVERSION = YES;
				CLANG_WARN_NON_LITERAL_NULL_CONVERSION = YES;
				CLANG_WARN_OBJC_IMPLICIT_RETAIN_SELF = YES;
				CLANG_WARN_OBJC_LITERAL_CONVERSION = YES;
				CLANG_WARN_OBJC_ROOT_CLASS = YES_ERROR;
				CLANG_WARN_QUOTED_INCLUDE_IN_FRAMEWORK_HEADER = YES;
				CLANG_WARN_RANGE_LOOP_ANALYSIS = YES;
				CLANG_WARN_STRICT_PROTOTYPES = YES;
				CLANG_WARN_SUSPICIOUS_MOVE = YES;
				CLANG_WARN_UNGUARDED_AVAILABILITY = YES_AGGRESSIVE;
				CLANG_WARN_UNREACHABLE_CODE = YES;
				CLANG_WARN__DUPLICATE_METHOD_MATCH = YES;
				COPY_PHASE_STRIP = NO;
				DEBUG_INFORMATION_FORMAT = "dwarf-with-dsym";
				ENABLE_NS_ASSERTIONS = NO;
				ENABLE_STRICT_OBJC_MSGSEND = YES;
				GCC_C_LANGUAGE_STANDARD = gnu11;
				GCC_NO_COMMON_BLOCKS = YES;
				GCC_WARN_64_TO_32_BIT_CONVERSION = YES;
				GCC_WARN_ABOUT_RETURN_TYPE = YES_ERROR;
				GCC_WARN_UNDECLARED_SELECTOR = YES;
				GCC_WARN_UNINITIALIZED_AUTOS = YES_AGGRESSIVE;
				GCC_WARN_UNUSED_FUNCTION = YES;
				GCC_WARN_UNUSED_VARIABLE = YES;
				IPHONEOS_DEPLOYMENT_TARGET = 14.4;
				MTL_ENABLE_DEBUG_INFO = NO;
				MTL_FAST_MATH = YES;
				SDKROOT = iphoneos;
				SWIFT_COMPILATION_MODE = wholemodule;
				SWIFT_OPTIMIZATION_LEVEL = "-O";
				VALIDATE_PRODUCT = YES;
			};
			name = Release;
		};
		1F59B65C26FE478100C5A614 /* Debug */ = {
			isa = XCBuildConfiguration;
			buildSettings = {
				ASSETCATALOG_COMPILER_APPICON_NAME = AppIcon;
				ASSETCATALOG_COMPILER_GLOBAL_ACCENT_COLOR_NAME = AccentColor;
				CODE_SIGN_STYLE = Automatic;
				DEVELOPMENT_TEAM = 6C4272876R;
				INFOPLIST_FILE = MobileDevApp/Info.plist;
				IPHONEOS_DEPLOYMENT_TARGET = 14.7;
				LD_RUNPATH_SEARCH_PATHS = (
					"$(inherited)",
					"@executable_path/Frameworks",
				);
				PRODUCT_BUNDLE_IDENTIFIER = "-21.MobileDevApp";
				PRODUCT_NAME = "$(TARGET_NAME)";
				SWIFT_VERSION = 5.0;
				TARGETED_DEVICE_FAMILY = 1;
			};
			name = Debug;
		};
		1F59B65D26FE478100C5A614 /* Release */ = {
			isa = XCBuildConfiguration;
			buildSettings = {
				ASSETCATALOG_COMPILER_APPICON_NAME = AppIcon;
				ASSETCATALOG_COMPILER_GLOBAL_ACCENT_COLOR_NAME = AccentColor;
				CODE_SIGN_STYLE = Automatic;
				DEVELOPMENT_TEAM = 6C4272876R;
				INFOPLIST_FILE = MobileDevApp/Info.plist;
				IPHONEOS_DEPLOYMENT_TARGET = 14.7;
				LD_RUNPATH_SEARCH_PATHS = (
					"$(inherited)",
					"@executable_path/Frameworks",
				);
				PRODUCT_BUNDLE_IDENTIFIER = "-21.MobileDevApp";
				PRODUCT_NAME = "$(TARGET_NAME)";
				SWIFT_VERSION = 5.0;
				TARGETED_DEVICE_FAMILY = 1;
			};
			name = Release;
		};
/* End XCBuildConfiguration section */

/* Begin XCConfigurationList section */
		1F59B63F26FE477400C5A614 /* Build configuration list for PBXProject "MobileDevApp" */ = {
			isa = XCConfigurationList;
			buildConfigurations = (
				1F59B65926FE478100C5A614 /* Debug */,
				1F59B65A26FE478100C5A614 /* Release */,
			);
			defaultConfigurationIsVisible = 0;
			defaultConfigurationName = Release;
		};
		1F59B65B26FE478100C5A614 /* Build configuration list for PBXNativeTarget "MobileDevApp" */ = {
			isa = XCConfigurationList;
			buildConfigurations = (
				1F59B65C26FE478100C5A614 /* Debug */,
				1F59B65D26FE478100C5A614 /* Release */,
			);
			defaultConfigurationIsVisible = 0;
			defaultConfigurationName = Release;
		};
/* End XCConfigurationList section */

/* Begin XCVersionGroup section */
		1F59B65026FE477400C5A614 /* MobileDevApp.xcdatamodeld */ = {
			isa = XCVersionGroup;
			children = (
				1F59B65126FE477400C5A614 /* MobileDevApp.xcdatamodel */,
			);
			currentVersion = 1F59B65126FE477400C5A614 /* MobileDevApp.xcdatamodel */;
			path = MobileDevApp.xcdatamodeld;
			sourceTree = "<group>";
			versionGroupType = wrapper.xcdatamodel;
		};
/* End XCVersionGroup section */
	};
	rootObject = 1F59B63C26FE477400C5A614 /* Project object */;
}
