// !$*UTF8*$!
{
	archiveVersion = 1;
	classes = {
	};
	objectVersion = 50;
	objects = {

/* Begin PBXBuildFile section */
		1F0AEA122717679C00052509 /* TableViewViewModelProtocol.swift in Sources */ = {isa = PBXBuildFile; fileRef = 1F0AEA112717679C00052509 /* TableViewViewModelProtocol.swift */; };
		1F0AEA14271767C800052509 /* TableViewCellViewModelProtocol.swift in Sources */ = {isa = PBXBuildFile; fileRef = 1F0AEA13271767C800052509 /* TableViewCellViewModelProtocol.swift */; };
		1F0AEA16271768A800052509 /* RegistrationTableViewModel.swift in Sources */ = {isa = PBXBuildFile; fileRef = 1F0AEA15271768A800052509 /* RegistrationTableViewModel.swift */; };
		1F0AEA182717694900052509 /* AuthenticationCellViewModel.swift in Sources */ = {isa = PBXBuildFile; fileRef = 1F0AEA172717694900052509 /* AuthenticationCellViewModel.swift */; };
		1F0AEA1A27176A5400052509 /* LoginTableViewViewModel.swift in Sources */ = {isa = PBXBuildFile; fileRef = 1F0AEA1927176A5400052509 /* LoginTableViewViewModel.swift */; };
		1F1DA4A82701A22500757C9E /* AuthenticationCell.swift in Sources */ = {isa = PBXBuildFile; fileRef = 1F1DA4A72701A22500757C9E /* AuthenticationCell.swift */; };
		1F1DA4AB2701A24700757C9E /* AuthenticationCell.xib in Resources */ = {isa = PBXBuildFile; fileRef = 1F1DA4AA2701A24700757C9E /* AuthenticationCell.xib */; };
		1F4114A12739C1540013338D /* Data.json in Resources */ = {isa = PBXBuildFile; fileRef = 1F4114A02739C1540013338D /* Data.json */; };
		1F4114A32739C3A70013338D /* TrackDataJSON.swift in Sources */ = {isa = PBXBuildFile; fileRef = 1F4114A22739C3A70013338D /* TrackDataJSON.swift */; };
		1F4114A52739C40F0013338D /* ParserJSON.swift in Sources */ = {isa = PBXBuildFile; fileRef = 1F4114A42739C40F0013338D /* ParserJSON.swift */; };
		1F4114A72739C83D0013338D /* TrackListViewModel.swift in Sources */ = {isa = PBXBuildFile; fileRef = 1F4114A62739C83D0013338D /* TrackListViewModel.swift */; };
		1F4114A92739CAF10013338D /* TrackData.swift in Sources */ = {isa = PBXBuildFile; fileRef = 1F4114A82739CAF10013338D /* TrackData.swift */; };
		1F4114AB2739CBC50013338D /* TrackListViewModelProtocol.swift in Sources */ = {isa = PBXBuildFile; fileRef = 1F4114AA2739CBC50013338D /* TrackListViewModelProtocol.swift */; };
		1F4114AD2739CDEA0013338D /* TrackListCellViewModel.swift in Sources */ = {isa = PBXBuildFile; fileRef = 1F4114AC2739CDEA0013338D /* TrackListCellViewModel.swift */; };
		1F4114AF2739CE780013338D /* TrackListCellViewModelProtocol.swift in Sources */ = {isa = PBXBuildFile; fileRef = 1F4114AE2739CE780013338D /* TrackListCellViewModelProtocol.swift */; };
		1F499B11273AA8A6006F62CC /* SingleTrackViewControllerDelegate.swift in Sources */ = {isa = PBXBuildFile; fileRef = 1F499B10273AA8A6006F62CC /* SingleTrackViewControllerDelegate.swift */; };
		1F499B13273AA986006F62CC /* SingleTrackViewDelegate.swift in Sources */ = {isa = PBXBuildFile; fileRef = 1F499B12273AA986006F62CC /* SingleTrackViewDelegate.swift */; };
		1F550B4A27144EE3007BADB6 /* TrackListViewController.swift in Sources */ = {isa = PBXBuildFile; fileRef = 1F550B4927144EE3007BADB6 /* TrackListViewController.swift */; };
		1F59B64826FE477400C5A614 /* AppDelegate.swift in Sources */ = {isa = PBXBuildFile; fileRef = 1F59B64726FE477400C5A614 /* AppDelegate.swift */; };
		1F59B64C26FE477400C5A614 /* AuthenticationViewController.swift in Sources */ = {isa = PBXBuildFile; fileRef = 1F59B64B26FE477400C5A614 /* AuthenticationViewController.swift */; };
		1F59B65226FE477500C5A614 /* MobileDevApp.xcdatamodeld in Sources */ = {isa = PBXBuildFile; fileRef = 1F59B65026FE477400C5A614 /* MobileDevApp.xcdatamodeld */; };
		1F59B65426FE478100C5A614 /* Assets.xcassets in Resources */ = {isa = PBXBuildFile; fileRef = 1F59B65326FE478100C5A614 /* Assets.xcassets */; };
		1F59B65726FE478100C5A614 /* LaunchScreen.storyboard in Resources */ = {isa = PBXBuildFile; fileRef = 1F59B65526FE478100C5A614 /* LaunchScreen.storyboard */; };
		1F5E84E22732B46D00CAA36A /* TrackCellViewController.swift in Sources */ = {isa = PBXBuildFile; fileRef = 1F5E84E12732B46D00CAA36A /* TrackCellViewController.swift */; };
		1F5E84E62732B4AD00CAA36A /* TrackCell.xib in Resources */ = {isa = PBXBuildFile; fileRef = 1F5E84E52732B4AD00CAA36A /* TrackCell.xib */; };
		1F5E85092732D7AF00CAA36A /* TrackListTitleViewDelegate.swift in Sources */ = {isa = PBXBuildFile; fileRef = 1F5E85082732D7AF00CAA36A /* TrackListTitleViewDelegate.swift */; };
		1F65FFCF2722CFD7008BEF65 /* AuthenticationCellContentTypes.swift in Sources */ = {isa = PBXBuildFile; fileRef = 1F65FFCE2722CFD7008BEF65 /* AuthenticationCellContentTypes.swift */; };
		1F65FFD12722D528008BEF65 /* LoginDataSourceProtocol.swift in Sources */ = {isa = PBXBuildFile; fileRef = 1F65FFD02722D528008BEF65 /* LoginDataSourceProtocol.swift */; };
		1F6EDF01271052EC00DC994B /* AuthenticationCellData.swift in Sources */ = {isa = PBXBuildFile; fileRef = 1F6EDF00271052EC00DC994B /* AuthenticationCellData.swift */; };
		1F6EDF0B2710609E00DC994B /* LoginDataSource.swift in Sources */ = {isa = PBXBuildFile; fileRef = 1F6EDF0A2710609E00DC994B /* LoginDataSource.swift */; };
		1F7D3F81271B73C000B9248F /* AuthenticationTableHeaderView.swift in Sources */ = {isa = PBXBuildFile; fileRef = 1F7D3F80271B73C000B9248F /* AuthenticationTableHeaderView.swift */; };
		1FB09149273488B40081EA22 /* TrackOverviewProtocol.swift in Sources */ = {isa = PBXBuildFile; fileRef = 1FB09148273488B40081EA22 /* TrackOverviewProtocol.swift */; };
		1FB258512732EE6000438837 /* SingleTrackViewController.swift in Sources */ = {isa = PBXBuildFile; fileRef = 1FB258502732EE6000438837 /* SingleTrackViewController.swift */; };
		1FB258532732EE7000438837 /* SingleTrackView.swift in Sources */ = {isa = PBXBuildFile; fileRef = 1FB258522732EE7000438837 /* SingleTrackView.swift */; };
		1FB2585727332BCC00438837 /* MainHelper.swift in Sources */ = {isa = PBXBuildFile; fileRef = 1FB2585627332BCC00438837 /* MainHelper.swift */; };
		1FB258592733C7CD00438837 /* TrackOverviewView.swift in Sources */ = {isa = PBXBuildFile; fileRef = 1FB258582733C7CD00438837 /* TrackOverviewView.swift */; };
		1FC706E9271C4586002BFC2F /* TableHeaderViewDelegate.swift in Sources */ = {isa = PBXBuildFile; fileRef = 1FC706E8271C4586002BFC2F /* TableHeaderViewDelegate.swift */; };
		1FC706EB271C4925002BFC2F /* RegistrationTableFooterView.swift in Sources */ = {isa = PBXBuildFile; fileRef = 1FC706EA271C4925002BFC2F /* RegistrationTableFooterView.swift */; };
		1FC706ED271C4E01002BFC2F /* TableFooterViewDelegate.swift in Sources */ = {isa = PBXBuildFile; fileRef = 1FC706EC271C4E01002BFC2F /* TableFooterViewDelegate.swift */; };
		1FC706EF271C50C8002BFC2F /* LoginTableFooterView.swift in Sources */ = {isa = PBXBuildFile; fileRef = 1FC706EE271C50C8002BFC2F /* LoginTableFooterView.swift */; };
		1FC706F5271CD4D3002BFC2F /* AuthenticationHelper.swift in Sources */ = {isa = PBXBuildFile; fileRef = 1FC706F4271CD4D3002BFC2F /* AuthenticationHelper.swift */; };
		1FC706F9271CD52A002BFC2F /* ValidationErrorInfo.swift in Sources */ = {isa = PBXBuildFile; fileRef = 1FC706F8271CD52A002BFC2F /* ValidationErrorInfo.swift */; };
		1FC7070E271DD5A8002BFC2F /* Localizable.strings in Resources */ = {isa = PBXBuildFile; fileRef = 1FC70710271DD5A8002BFC2F /* Localizable.strings */; };
		1FC70715271DDD2C002BFC2F /* TrackListTitleView.swift in Sources */ = {isa = PBXBuildFile; fileRef = 1FC70714271DDD2C002BFC2F /* TrackListTitleView.swift */; };
		4C257D7803253976545BC902 /* libPods-MobileDevApp.a in Frameworks */ = {isa = PBXBuildFile; fileRef = B30EA81D0D50590655F1D803 /* libPods-MobileDevApp.a */; };
/* End PBXBuildFile section */

/* Begin PBXFileReference section */
		1F0AEA112717679C00052509 /* TableViewViewModelProtocol.swift */ = {isa = PBXFileReference; lastKnownFileType = sourcecode.swift; path = TableViewViewModelProtocol.swift; sourceTree = "<group>"; };
		1F0AEA13271767C800052509 /* TableViewCellViewModelProtocol.swift */ = {isa = PBXFileReference; lastKnownFileType = sourcecode.swift; path = TableViewCellViewModelProtocol.swift; sourceTree = "<group>"; };
		1F0AEA15271768A800052509 /* RegistrationTableViewModel.swift */ = {isa = PBXFileReference; lastKnownFileType = sourcecode.swift; path = RegistrationTableViewModel.swift; sourceTree = "<group>"; };
		1F0AEA172717694900052509 /* AuthenticationCellViewModel.swift */ = {isa = PBXFileReference; lastKnownFileType = sourcecode.swift; path = AuthenticationCellViewModel.swift; sourceTree = "<group>"; };
		1F0AEA1927176A5400052509 /* LoginTableViewViewModel.swift */ = {isa = PBXFileReference; lastKnownFileType = sourcecode.swift; path = LoginTableViewViewModel.swift; sourceTree = "<group>"; };
		1F1DA4A72701A22500757C9E /* AuthenticationCell.swift */ = {isa = PBXFileReference; lastKnownFileType = sourcecode.swift; path = AuthenticationCell.swift; sourceTree = "<group>"; };
		1F1DA4AA2701A24700757C9E /* AuthenticationCell.xib */ = {isa = PBXFileReference; lastKnownFileType = file.xib; path = AuthenticationCell.xib; sourceTree = "<group>"; };
		1F4114A02739C1540013338D /* Data.json */ = {isa = PBXFileReference; fileEncoding = 4; lastKnownFileType = text.json; path = Data.json; sourceTree = "<group>"; };
		1F4114A22739C3A70013338D /* TrackDataJSON.swift */ = {isa = PBXFileReference; lastKnownFileType = sourcecode.swift; path = TrackDataJSON.swift; sourceTree = "<group>"; };
		1F4114A42739C40F0013338D /* ParserJSON.swift */ = {isa = PBXFileReference; lastKnownFileType = sourcecode.swift; path = ParserJSON.swift; sourceTree = "<group>"; };
		1F4114A62739C83D0013338D /* TrackListViewModel.swift */ = {isa = PBXFileReference; lastKnownFileType = sourcecode.swift; path = TrackListViewModel.swift; sourceTree = "<group>"; };
		1F4114A82739CAF10013338D /* TrackData.swift */ = {isa = PBXFileReference; lastKnownFileType = sourcecode.swift; path = TrackData.swift; sourceTree = "<group>"; };
		1F4114AA2739CBC50013338D /* TrackListViewModelProtocol.swift */ = {isa = PBXFileReference; lastKnownFileType = sourcecode.swift; path = TrackListViewModelProtocol.swift; sourceTree = "<group>"; };
		1F4114AC2739CDEA0013338D /* TrackListCellViewModel.swift */ = {isa = PBXFileReference; lastKnownFileType = sourcecode.swift; path = TrackListCellViewModel.swift; sourceTree = "<group>"; };
		1F4114AE2739CE780013338D /* TrackListCellViewModelProtocol.swift */ = {isa = PBXFileReference; lastKnownFileType = sourcecode.swift; path = TrackListCellViewModelProtocol.swift; sourceTree = "<group>"; };
		1F499B10273AA8A6006F62CC /* SingleTrackViewControllerDelegate.swift */ = {isa = PBXFileReference; lastKnownFileType = sourcecode.swift; path = SingleTrackViewControllerDelegate.swift; sourceTree = "<group>"; };
		1F499B12273AA986006F62CC /* SingleTrackViewDelegate.swift */ = {isa = PBXFileReference; lastKnownFileType = sourcecode.swift; path = SingleTrackViewDelegate.swift; sourceTree = "<group>"; };
		1F550B4927144EE3007BADB6 /* TrackListViewController.swift */ = {isa = PBXFileReference; lastKnownFileType = sourcecode.swift; path = TrackListViewController.swift; sourceTree = "<group>"; };
		1F59B64426FE477400C5A614 /* MobileDevApp.app */ = {isa = PBXFileReference; explicitFileType = wrapper.application; includeInIndex = 0; path = MobileDevApp.app; sourceTree = BUILT_PRODUCTS_DIR; };
		1F59B64726FE477400C5A614 /* AppDelegate.swift */ = {isa = PBXFileReference; lastKnownFileType = sourcecode.swift; path = AppDelegate.swift; sourceTree = "<group>"; };
		1F59B64B26FE477400C5A614 /* AuthenticationViewController.swift */ = {isa = PBXFileReference; lastKnownFileType = sourcecode.swift; path = AuthenticationViewController.swift; sourceTree = "<group>"; };
		1F59B65126FE477400C5A614 /* MobileDevApp.xcdatamodel */ = {isa = PBXFileReference; lastKnownFileType = wrapper.xcdatamodel; path = MobileDevApp.xcdatamodel; sourceTree = "<group>"; };
		1F59B65326FE478100C5A614 /* Assets.xcassets */ = {isa = PBXFileReference; lastKnownFileType = folder.assetcatalog; path = Assets.xcassets; sourceTree = "<group>"; };
		1F59B65826FE478100C5A614 /* Info.plist */ = {isa = PBXFileReference; lastKnownFileType = text.plist.xml; path = Info.plist; sourceTree = "<group>"; };
		1F5E84E12732B46D00CAA36A /* TrackCellViewController.swift */ = {isa = PBXFileReference; lastKnownFileType = sourcecode.swift; path = TrackCellViewController.swift; sourceTree = "<group>"; };
		1F5E84E52732B4AD00CAA36A /* TrackCell.xib */ = {isa = PBXFileReference; lastKnownFileType = file.xib; path = TrackCell.xib; sourceTree = "<group>"; };
		1F5E85082732D7AF00CAA36A /* TrackListTitleViewDelegate.swift */ = {isa = PBXFileReference; lastKnownFileType = sourcecode.swift; path = TrackListTitleViewDelegate.swift; sourceTree = "<group>"; };
		1F65FFCE2722CFD7008BEF65 /* AuthenticationCellContentTypes.swift */ = {isa = PBXFileReference; lastKnownFileType = sourcecode.swift; path = AuthenticationCellContentTypes.swift; sourceTree = "<group>"; };
		1F65FFD02722D528008BEF65 /* LoginDataSourceProtocol.swift */ = {isa = PBXFileReference; lastKnownFileType = sourcecode.swift; path = LoginDataSourceProtocol.swift; sourceTree = "<group>"; };
		1F6EDF00271052EC00DC994B /* AuthenticationCellData.swift */ = {isa = PBXFileReference; lastKnownFileType = sourcecode.swift; path = AuthenticationCellData.swift; sourceTree = "<group>"; };
		1F6EDF0A2710609E00DC994B /* LoginDataSource.swift */ = {isa = PBXFileReference; lastKnownFileType = sourcecode.swift; path = LoginDataSource.swift; sourceTree = "<group>"; };
		1F7D3F80271B73C000B9248F /* AuthenticationTableHeaderView.swift */ = {isa = PBXFileReference; lastKnownFileType = sourcecode.swift; path = AuthenticationTableHeaderView.swift; sourceTree = "<group>"; };
		1FB09148273488B40081EA22 /* TrackOverviewProtocol.swift */ = {isa = PBXFileReference; lastKnownFileType = sourcecode.swift; path = TrackOverviewProtocol.swift; sourceTree = "<group>"; };
		1FB258502732EE6000438837 /* SingleTrackViewController.swift */ = {isa = PBXFileReference; lastKnownFileType = sourcecode.swift; path = SingleTrackViewController.swift; sourceTree = "<group>"; };
		1FB258522732EE7000438837 /* SingleTrackView.swift */ = {isa = PBXFileReference; lastKnownFileType = sourcecode.swift; path = SingleTrackView.swift; sourceTree = "<group>"; };
		1FB2585627332BCC00438837 /* MainHelper.swift */ = {isa = PBXFileReference; lastKnownFileType = sourcecode.swift; path = MainHelper.swift; sourceTree = "<group>"; };
		1FB258582733C7CD00438837 /* TrackOverviewView.swift */ = {isa = PBXFileReference; lastKnownFileType = sourcecode.swift; path = TrackOverviewView.swift; sourceTree = "<group>"; };
		1FC706E8271C4586002BFC2F /* TableHeaderViewDelegate.swift */ = {isa = PBXFileReference; lastKnownFileType = sourcecode.swift; path = TableHeaderViewDelegate.swift; sourceTree = "<group>"; };
		1FC706EA271C4925002BFC2F /* RegistrationTableFooterView.swift */ = {isa = PBXFileReference; lastKnownFileType = sourcecode.swift; path = RegistrationTableFooterView.swift; sourceTree = "<group>"; };
		1FC706EC271C4E01002BFC2F /* TableFooterViewDelegate.swift */ = {isa = PBXFileReference; lastKnownFileType = sourcecode.swift; path = TableFooterViewDelegate.swift; sourceTree = "<group>"; };
		1FC706EE271C50C8002BFC2F /* LoginTableFooterView.swift */ = {isa = PBXFileReference; lastKnownFileType = sourcecode.swift; path = LoginTableFooterView.swift; sourceTree = "<group>"; };
		1FC706F4271CD4D3002BFC2F /* AuthenticationHelper.swift */ = {isa = PBXFileReference; lastKnownFileType = sourcecode.swift; path = AuthenticationHelper.swift; sourceTree = "<group>"; };
		1FC706F8271CD52A002BFC2F /* ValidationErrorInfo.swift */ = {isa = PBXFileReference; lastKnownFileType = sourcecode.swift; path = ValidationErrorInfo.swift; sourceTree = "<group>"; };
		1FC70709271DD4A7002BFC2F /* Base */ = {isa = PBXFileReference; lastKnownFileType = file.storyboard; name = Base; path = Base.lproj/LaunchScreen.storyboard; sourceTree = "<group>"; };
		1FC7070B271DD55B002BFC2F /* ru */ = {isa = PBXFileReference; lastKnownFileType = text.plist.strings; name = ru; path = ru.lproj/LaunchScreen.strings; sourceTree = "<group>"; };
		1FC7070F271DD5A8002BFC2F /* ru */ = {isa = PBXFileReference; lastKnownFileType = text.plist.strings; name = ru; path = ru.lproj/Localizable.strings; sourceTree = "<group>"; };
		1FC70711271DD5AA002BFC2F /* en */ = {isa = PBXFileReference; lastKnownFileType = text.plist.strings; name = en; path = en.lproj/Localizable.strings; sourceTree = "<group>"; };
		1FC70714271DDD2C002BFC2F /* TrackListTitleView.swift */ = {isa = PBXFileReference; lastKnownFileType = sourcecode.swift; path = TrackListTitleView.swift; sourceTree = "<group>"; };
		B30EA81D0D50590655F1D803 /* libPods-MobileDevApp.a */ = {isa = PBXFileReference; explicitFileType = archive.ar; includeInIndex = 0; path = "libPods-MobileDevApp.a"; sourceTree = BUILT_PRODUCTS_DIR; };
		C08727D070CCCF1D49523852 /* Pods-MobileDevApp.debug.xcconfig */ = {isa = PBXFileReference; includeInIndex = 1; lastKnownFileType = text.xcconfig; name = "Pods-MobileDevApp.debug.xcconfig"; path = "Target Support Files/Pods-MobileDevApp/Pods-MobileDevApp.debug.xcconfig"; sourceTree = "<group>"; };
		CEE5D37FF9C31D89AA24BCCE /* Pods-MobileDevApp.release.xcconfig */ = {isa = PBXFileReference; includeInIndex = 1; lastKnownFileType = text.xcconfig; name = "Pods-MobileDevApp.release.xcconfig"; path = "Target Support Files/Pods-MobileDevApp/Pods-MobileDevApp.release.xcconfig"; sourceTree = "<group>"; };
/* End PBXFileReference section */

/* Begin PBXFrameworksBuildPhase section */
		1F59B64126FE477400C5A614 /* Frameworks */ = {
			isa = PBXFrameworksBuildPhase;
			buildActionMask = 2147483647;
			files = (
				4C257D7803253976545BC902 /* libPods-MobileDevApp.a in Frameworks */,
			);
			runOnlyForDeploymentPostprocessing = 0;
		};
/* End PBXFrameworksBuildPhase section */

/* Begin PBXGroup section */
		1F0AEA0F2717651500052509 /* ViewModel */ = {
			isa = PBXGroup;
			children = (
				1F0AEA172717694900052509 /* AuthenticationCellViewModel.swift */,
				1F0AEA1927176A5400052509 /* LoginTableViewViewModel.swift */,
				1F0AEA15271768A800052509 /* RegistrationTableViewModel.swift */,
			);
			path = ViewModel;
			sourceTree = "<group>";
		};
		1F0AEA102717651D00052509 /* Protocols */ = {
			isa = PBXGroup;
			children = (
				1F65FFD02722D528008BEF65 /* LoginDataSourceProtocol.swift */,
				1F0AEA112717679C00052509 /* TableViewViewModelProtocol.swift */,
				1F0AEA13271767C800052509 /* TableViewCellViewModelProtocol.swift */,
				1FC706E8271C4586002BFC2F /* TableHeaderViewDelegate.swift */,
				1FC706EC271C4E01002BFC2F /* TableFooterViewDelegate.swift */,
			);
			path = Protocols;
			sourceTree = "<group>";
		};
		1F0AEA212719830800052509 /* Helper */ = {
			isa = PBXGroup;
			children = (
				1FC706F4271CD4D3002BFC2F /* AuthenticationHelper.swift */,
			);
			path = Helper;
			sourceTree = "<group>";
		};
		1F0AEA222719938400052509 /* AuthenticationView */ = {
			isa = PBXGroup;
			children = (
				1FC706FB271CE4EE002BFC2F /* View */,
				1F7D3F7F271B735E00B9248F /* Controller */,
			);
			path = AuthenticationView;
			sourceTree = "<group>";
		};
		1F0AEA242719939C00052509 /* AuthenticationCell */ = {
			isa = PBXGroup;
			children = (
				1FC706FD271CE512002BFC2F /* View */,
				1FC706FE271CE519002BFC2F /* Controller */,
			);
			path = AuthenticationCell;
			sourceTree = "<group>";
		};
		1F0AEA26271993BF00052509 /* TrackListView */ = {
			isa = PBXGroup;
			children = (
				1FC70712271DDD11002BFC2F /* View */,
				1FC70713271DDD15002BFC2F /* Controller */,
			);
			path = TrackListView;
			sourceTree = "<group>";
		};
		1F59B63B26FE477400C5A614 = {
			isa = PBXGroup;
			children = (
				1F59B64626FE477400C5A614 /* MobileDevApp */,
				1F59B64526FE477400C5A614 /* Products */,
				9443E44A334FF2A35868E987 /* Pods */,
				CAA1E47F9DE2EB6B9852CB33 /* Frameworks */,
			);
			sourceTree = "<group>";
		};
		1F59B64526FE477400C5A614 /* Products */ = {
			isa = PBXGroup;
			children = (
				1F59B64426FE477400C5A614 /* MobileDevApp.app */,
			);
			name = Products;
			sourceTree = "<group>";
		};
		1F59B64626FE477400C5A614 /* MobileDevApp */ = {
			isa = PBXGroup;
			children = (
				1F59B65826FE478100C5A614 /* Info.plist */,
				1F5E84DD2732B25A00CAA36A /* Localizing */,
				1F5E84DE2732B28100CAA36A /* MainModule */,
				1F5E84DC2732B22700CAA36A /* AuthenticationModule */,
				1F6EDEFD270F993F00DC994B /* CoreData */,
				1F6EDEFC270F992B00DC994B /* Support */,
			);
			path = MobileDevApp;
			sourceTree = "<group>";
		};
		1F5E84DC2732B22700CAA36A /* AuthenticationModule */ = {
			isa = PBXGroup;
			children = (
				1F0AEA212719830800052509 /* Helper */,
				1F0AEA102717651D00052509 /* Protocols */,
				1F6EDEFF2710529600DC994B /* Model */,
				1F0AEA0F2717651500052509 /* ViewModel */,
				1F6EDEFA270F990B00DC994B /* View */,
			);
			path = AuthenticationModule;
			sourceTree = "<group>";
		};
		1F5E84DD2732B25A00CAA36A /* Localizing */ = {
			isa = PBXGroup;
			children = (
				1FC70710271DD5A8002BFC2F /* Localizable.strings */,
			);
			path = Localizing;
			sourceTree = "<group>";
		};
		1F5E84DE2732B28100CAA36A /* MainModule */ = {
			isa = PBXGroup;
			children = (
				1FB2585527332BB700438837 /* Helper */,
				1F5E85072732D7A200CAA36A /* Protocols */,
				1F5E850A2732DD0500CAA36A /* Model */,
				1FB258542733299100438837 /* ViewModel */,
				1F5E84DF2732B29E00CAA36A /* View */,
			);
			path = MainModule;
			sourceTree = "<group>";
		};
		1F5E84DF2732B29E00CAA36A /* View */ = {
			isa = PBXGroup;
			children = (
				1FB2584D2732EE2B00438837 /* SingleTrackView */,
				1F5E84E02732B42F00CAA36A /* TrackCell */,
				1F0AEA26271993BF00052509 /* TrackListView */,
			);
			path = View;
			sourceTree = "<group>";
		};
		1F5E84E02732B42F00CAA36A /* TrackCell */ = {
			isa = PBXGroup;
			children = (
				1F5E84E42732B49800CAA36A /* View */,
				1F5E84E32732B48D00CAA36A /* Controller */,
			);
			path = TrackCell;
			sourceTree = "<group>";
		};
		1F5E84E32732B48D00CAA36A /* Controller */ = {
			isa = PBXGroup;
			children = (
				1F5E84E12732B46D00CAA36A /* TrackCellViewController.swift */,
			);
			path = Controller;
			sourceTree = "<group>";
		};
		1F5E84E42732B49800CAA36A /* View */ = {
			isa = PBXGroup;
			children = (
				1F5E84E52732B4AD00CAA36A /* TrackCell.xib */,
			);
			path = View;
			sourceTree = "<group>";
		};
		1F5E85072732D7A200CAA36A /* Protocols */ = {
			isa = PBXGroup;
			children = (
				1F5E85082732D7AF00CAA36A /* TrackListTitleViewDelegate.swift */,
				1FB09148273488B40081EA22 /* TrackOverviewProtocol.swift */,
				1F4114AA2739CBC50013338D /* TrackListViewModelProtocol.swift */,
				1F4114AE2739CE780013338D /* TrackListCellViewModelProtocol.swift */,
				1F499B10273AA8A6006F62CC /* SingleTrackViewControllerDelegate.swift */,
				1F499B12273AA986006F62CC /* SingleTrackViewDelegate.swift */,
			);
			path = Protocols;
			sourceTree = "<group>";
		};
		1F5E850A2732DD0500CAA36A /* Model */ = {
			isa = PBXGroup;
			children = (
				1F4114A02739C1540013338D /* Data.json */,
				1F4114A22739C3A70013338D /* TrackDataJSON.swift */,
				1F4114A82739CAF10013338D /* TrackData.swift */,
				1F4114A42739C40F0013338D /* ParserJSON.swift */,
			);
			path = Model;
			sourceTree = "<group>";
		};
		1F6EDEFA270F990B00DC994B /* View */ = {
			isa = PBXGroup;
			children = (
				1F0AEA242719939C00052509 /* AuthenticationCell */,
				1F0AEA222719938400052509 /* AuthenticationView */,
			);
			path = View;
			sourceTree = "<group>";
		};
		1F6EDEFC270F992B00DC994B /* Support */ = {
			isa = PBXGroup;
			children = (
				1F59B65526FE478100C5A614 /* LaunchScreen.storyboard */,
				1F59B65326FE478100C5A614 /* Assets.xcassets */,
				1F59B64726FE477400C5A614 /* AppDelegate.swift */,
			);
			path = Support;
			sourceTree = "<group>";
		};
		1F6EDEFD270F993F00DC994B /* CoreData */ = {
			isa = PBXGroup;
			children = (
				1F59B65026FE477400C5A614 /* MobileDevApp.xcdatamodeld */,
			);
			path = CoreData;
			sourceTree = "<group>";
		};
		1F6EDEFF2710529600DC994B /* Model */ = {
			isa = PBXGroup;
			children = (
				1F65FFCE2722CFD7008BEF65 /* AuthenticationCellContentTypes.swift */,
				1F6EDF00271052EC00DC994B /* AuthenticationCellData.swift */,
				1FC706F8271CD52A002BFC2F /* ValidationErrorInfo.swift */,
			);
			path = Model;
			sourceTree = "<group>";
		};
		1F7D3F7F271B735E00B9248F /* Controller */ = {
			isa = PBXGroup;
			children = (
				1F6EDF0A2710609E00DC994B /* LoginDataSource.swift */,
				1F59B64B26FE477400C5A614 /* AuthenticationViewController.swift */,
			);
			path = Controller;
			sourceTree = "<group>";
		};
		1FB2584D2732EE2B00438837 /* SingleTrackView */ = {
			isa = PBXGroup;
			children = (
				1FB2584F2732EE3A00438837 /* View */,
				1FB2584E2732EE3500438837 /* Controller */,
			);
			path = SingleTrackView;
			sourceTree = "<group>";
		};
		1FB2584E2732EE3500438837 /* Controller */ = {
			isa = PBXGroup;
			children = (
				1FB258502732EE6000438837 /* SingleTrackViewController.swift */,
			);
			path = Controller;
			sourceTree = "<group>";
		};
		1FB2584F2732EE3A00438837 /* View */ = {
			isa = PBXGroup;
			children = (
				1FB258522732EE7000438837 /* SingleTrackView.swift */,
			);
			path = View;
			sourceTree = "<group>";
		};
		1FB258542733299100438837 /* ViewModel */ = {
			isa = PBXGroup;
			children = (
				1F4114A62739C83D0013338D /* TrackListViewModel.swift */,
				1F4114AC2739CDEA0013338D /* TrackListCellViewModel.swift */,
			);
			path = ViewModel;
			sourceTree = "<group>";
		};
		1FB2585527332BB700438837 /* Helper */ = {
			isa = PBXGroup;
			children = (
				1FB2585627332BCC00438837 /* MainHelper.swift */,
			);
			path = Helper;
			sourceTree = "<group>";
		};
		1FC706FB271CE4EE002BFC2F /* View */ = {
			isa = PBXGroup;
			children = (
				1FC706EE271C50C8002BFC2F /* LoginTableFooterView.swift */,
				1F7D3F80271B73C000B9248F /* AuthenticationTableHeaderView.swift */,
				1FC706EA271C4925002BFC2F /* RegistrationTableFooterView.swift */,
			);
			path = View;
			sourceTree = "<group>";
		};
		1FC706FD271CE512002BFC2F /* View */ = {
			isa = PBXGroup;
			children = (
				1F1DA4AA2701A24700757C9E /* AuthenticationCell.xib */,
			);
			path = View;
			sourceTree = "<group>";
		};
		1FC706FE271CE519002BFC2F /* Controller */ = {
			isa = PBXGroup;
			children = (
				1F1DA4A72701A22500757C9E /* AuthenticationCell.swift */,
			);
			path = Controller;
			sourceTree = "<group>";
		};
		1FC70712271DDD11002BFC2F /* View */ = {
			isa = PBXGroup;
			children = (
				1FC70714271DDD2C002BFC2F /* TrackListTitleView.swift */,
				1FB258582733C7CD00438837 /* TrackOverviewView.swift */,
			);
			path = View;
			sourceTree = "<group>";
		};
		1FC70713271DDD15002BFC2F /* Controller */ = {
			isa = PBXGroup;
			children = (
				1F550B4927144EE3007BADB6 /* TrackListViewController.swift */,
			);
			path = Controller;
			sourceTree = "<group>";
		};
		9443E44A334FF2A35868E987 /* Pods */ = {
			isa = PBXGroup;
			children = (
				C08727D070CCCF1D49523852 /* Pods-MobileDevApp.debug.xcconfig */,
				CEE5D37FF9C31D89AA24BCCE /* Pods-MobileDevApp.release.xcconfig */,
			);
			path = Pods;
			sourceTree = "<group>";
		};
		CAA1E47F9DE2EB6B9852CB33 /* Frameworks */ = {
			isa = PBXGroup;
			children = (
				B30EA81D0D50590655F1D803 /* libPods-MobileDevApp.a */,
			);
			name = Frameworks;
			sourceTree = "<group>";
		};
/* End PBXGroup section */

/* Begin PBXNativeTarget section */
		1F59B64326FE477400C5A614 /* MobileDevApp */ = {
			isa = PBXNativeTarget;
			buildConfigurationList = 1F59B65B26FE478100C5A614 /* Build configuration list for PBXNativeTarget "MobileDevApp" */;
			buildPhases = (
				B89F8C5D69E5A75624FA4F17 /* [CP] Check Pods Manifest.lock */,
				1F59B64026FE477400C5A614 /* Sources */,
				1F59B64126FE477400C5A614 /* Frameworks */,
				1F59B64226FE477400C5A614 /* Resources */,
				1F1DA43C26FF88DF00757C9E /* ShellScript */,
				1F1DA4A42701A1C700757C9E /* ShellScript */,
			);
			buildRules = (
			);
			dependencies = (
			);
			name = MobileDevApp;
			productName = MobileDevApp;
			productReference = 1F59B64426FE477400C5A614 /* MobileDevApp.app */;
			productType = "com.apple.product-type.application";
		};
/* End PBXNativeTarget section */

/* Begin PBXProject section */
		1F59B63C26FE477400C5A614 /* Project object */ = {
			isa = PBXProject;
			attributes = {
				LastSwiftUpdateCheck = 1240;
				LastUpgradeCheck = 1240;
				TargetAttributes = {
					1F59B64326FE477400C5A614 = {
						CreatedOnToolsVersion = 12.4;
					};
				};
			};
			buildConfigurationList = 1F59B63F26FE477400C5A614 /* Build configuration list for PBXProject "MobileDevApp" */;
			compatibilityVersion = "Xcode 9.3";
			developmentRegion = en;
			hasScannedForEncodings = 0;
			knownRegions = (
				en,
				Base,
				ru,
			);
			mainGroup = 1F59B63B26FE477400C5A614;
			productRefGroup = 1F59B64526FE477400C5A614 /* Products */;
			projectDirPath = "";
			projectRoot = "";
			targets = (
				1F59B64326FE477400C5A614 /* MobileDevApp */,
			);
		};
/* End PBXProject section */

/* Begin PBXResourcesBuildPhase section */
		1F59B64226FE477400C5A614 /* Resources */ = {
			isa = PBXResourcesBuildPhase;
			buildActionMask = 2147483647;
			files = (
				1F59B65726FE478100C5A614 /* LaunchScreen.storyboard in Resources */,
				1F5E84E62732B4AD00CAA36A /* TrackCell.xib in Resources */,
				1FC7070E271DD5A8002BFC2F /* Localizable.strings in Resources */,
				1F59B65426FE478100C5A614 /* Assets.xcassets in Resources */,
				1F1DA4AB2701A24700757C9E /* AuthenticationCell.xib in Resources */,
				1F4114A12739C1540013338D /* Data.json in Resources */,
			);
			runOnlyForDeploymentPostprocessing = 0;
		};
/* End PBXResourcesBuildPhase section */

/* Begin PBXShellScriptBuildPhase section */
		1F1DA43C26FF88DF00757C9E /* ShellScript */ = {
			isa = PBXShellScriptBuildPhase;
			buildActionMask = 2147483647;
			files = (
			);
			inputFileListPaths = (
			);
			inputPaths = (
			);
			outputFileListPaths = (
			);
			outputPaths = (
			);
			runOnlyForDeploymentPostprocessing = 0;
			shellPath = /bin/sh;
			shellScript = "if which swiftlint >/dev/null; then\n  swiftlint\nelse\n  echo \"error: SwiftLint does not exist, download it from https://github.com/realm/SwiftLint\"\n  exit 1\nfi\n";
		};
		1F1DA4A42701A1C700757C9E /* ShellScript */ = {
			isa = PBXShellScriptBuildPhase;
			buildActionMask = 2147483647;
			files = (
			);
			inputFileListPaths = (
			);
			inputPaths = (
			);
			outputFileListPaths = (
			);
			outputPaths = (
			);
			runOnlyForDeploymentPostprocessing = 0;
			shellPath = /bin/sh;
			shellScript = "if which swiftlint >/dev/null; then\n  swiftlint\nelse\n  echo \"error: SwiftLint does not exist, download it from https://github.com/realm/SwiftLint\"\n  exit 1\nfi\n";
		};
		B89F8C5D69E5A75624FA4F17 /* [CP] Check Pods Manifest.lock */ = {
			isa = PBXShellScriptBuildPhase;
			buildActionMask = 2147483647;
			files = (
			);
			inputFileListPaths = (
			);
			inputPaths = (
				"${PODS_PODFILE_DIR_PATH}/Podfile.lock",
				"${PODS_ROOT}/Manifest.lock",
			);
			name = "[CP] Check Pods Manifest.lock";
			outputFileListPaths = (
			);
			outputPaths = (
				"$(DERIVED_FILE_DIR)/Pods-MobileDevApp-checkManifestLockResult.txt",
			);
			runOnlyForDeploymentPostprocessing = 0;
			shellPath = /bin/sh;
			shellScript = "diff \"${PODS_PODFILE_DIR_PATH}/Podfile.lock\" \"${PODS_ROOT}/Manifest.lock\" > /dev/null\nif [ $? != 0 ] ; then\n    # print error to STDERR\n    echo \"error: The sandbox is not in sync with the Podfile.lock. Run 'pod install' or update your CocoaPods installation.\" >&2\n    exit 1\nfi\n# This output is used by Xcode 'outputs' to avoid re-running this script phase.\necho \"SUCCESS\" > \"${SCRIPT_OUTPUT_FILE_0}\"\n";
			showEnvVarsInLog = 0;
		};
/* End PBXShellScriptBuildPhase section */

/* Begin PBXSourcesBuildPhase section */
		1F59B64026FE477400C5A614 /* Sources */ = {
			isa = PBXSourcesBuildPhase;
			buildActionMask = 2147483647;
			files = (
				1F550B4A27144EE3007BADB6 /* TrackListViewController.swift in Sources */,
				1F6EDF0B2710609E00DC994B /* LoginDataSource.swift in Sources */,
				1F65FFCF2722CFD7008BEF65 /* AuthenticationCellContentTypes.swift in Sources */,
				1F4114A92739CAF10013338D /* TrackData.swift in Sources */,
				1FB09149273488B40081EA22 /* TrackOverviewProtocol.swift in Sources */,
				1FC706EB271C4925002BFC2F /* RegistrationTableFooterView.swift in Sources */,
				1FB258512732EE6000438837 /* SingleTrackViewController.swift in Sources */,
				1F499B13273AA986006F62CC /* SingleTrackViewDelegate.swift in Sources */,
				1FB2585727332BCC00438837 /* MainHelper.swift in Sources */,
				1FC706F9271CD52A002BFC2F /* ValidationErrorInfo.swift in Sources */,
				1FB258532732EE7000438837 /* SingleTrackView.swift in Sources */,
				1FC706E9271C4586002BFC2F /* TableHeaderViewDelegate.swift in Sources */,
				1F59B64C26FE477400C5A614 /* AuthenticationViewController.swift in Sources */,
				1F0AEA16271768A800052509 /* RegistrationTableViewModel.swift in Sources */,
				1F5E85092732D7AF00CAA36A /* TrackListTitleViewDelegate.swift in Sources */,
				1F4114AF2739CE780013338D /* TrackListCellViewModelProtocol.swift in Sources */,
				1FC706ED271C4E01002BFC2F /* TableFooterViewDelegate.swift in Sources */,
				1FC706F5271CD4D3002BFC2F /* AuthenticationHelper.swift in Sources */,
				1FC706EF271C50C8002BFC2F /* LoginTableFooterView.swift in Sources */,
				1F4114A72739C83D0013338D /* TrackListViewModel.swift in Sources */,
				1F59B65226FE477500C5A614 /* MobileDevApp.xcdatamodeld in Sources */,
				1F4114A52739C40F0013338D /* ParserJSON.swift in Sources */,
				1F4114A32739C3A70013338D /* TrackDataJSON.swift in Sources */,
				1F7D3F81271B73C000B9248F /* AuthenticationTableHeaderView.swift in Sources */,
				1F4114AB2739CBC50013338D /* TrackListViewModelProtocol.swift in Sources */,
				1F59B64826FE477400C5A614 /* AppDelegate.swift in Sources */,
				1F1DA4A82701A22500757C9E /* AuthenticationCell.swift in Sources */,
				1F0AEA182717694900052509 /* AuthenticationCellViewModel.swift in Sources */,
				1F65FFD12722D528008BEF65 /* LoginDataSourceProtocol.swift in Sources */,
				1F0AEA122717679C00052509 /* TableViewViewModelProtocol.swift in Sources */,
				1F5E84E22732B46D00CAA36A /* TrackCellViewController.swift in Sources */,
				1F0AEA1A27176A5400052509 /* LoginTableViewViewModel.swift in Sources */,
				1F4114AD2739CDEA0013338D /* TrackListCellViewModel.swift in Sources */,
				1F0AEA14271767C800052509 /* TableViewCellViewModelProtocol.swift in Sources */,
				1FB258592733C7CD00438837 /* TrackOverviewView.swift in Sources */,
				1F499B11273AA8A6006F62CC /* SingleTrackViewControllerDelegate.swift in Sources */,
				1FC70715271DDD2C002BFC2F /* TrackListTitleView.swift in Sources */,
				1F6EDF01271052EC00DC994B /* AuthenticationCellData.swift in Sources */,
			);
			runOnlyForDeploymentPostprocessing = 0;
		};
/* End PBXSourcesBuildPhase section */

/* Begin PBXVariantGroup section */
		1F59B65526FE478100C5A614 /* LaunchScreen.storyboard */ = {
			isa = PBXVariantGroup;
			children = (
				1FC70709271DD4A7002BFC2F /* Base */,
				1FC7070B271DD55B002BFC2F /* ru */,
			);
			name = LaunchScreen.storyboard;
			sourceTree = "<group>";
		};
		1FC70710271DD5A8002BFC2F /* Localizable.strings */ = {
			isa = PBXVariantGroup;
			children = (
				1FC7070F271DD5A8002BFC2F /* ru */,
				1FC70711271DD5AA002BFC2F /* en */,
			);
			name = Localizable.strings;
			sourceTree = "<group>";
		};
/* End PBXVariantGroup section */

/* Begin XCBuildConfiguration section */
		1F59B65926FE478100C5A614 /* Debug */ = {
			isa = XCBuildConfiguration;
			buildSettings = {
				ALWAYS_SEARCH_USER_PATHS = NO;
				CLANG_ANALYZER_LOCALIZABILITY_NONLOCALIZED = YES;
				CLANG_ANALYZER_NONNULL = YES;
				CLANG_ANALYZER_NUMBER_OBJECT_CONVERSION = YES_AGGRESSIVE;
				CLANG_CXX_LANGUAGE_STANDARD = "gnu++14";
				CLANG_CXX_LIBRARY = "libc++";
				CLANG_ENABLE_MODULES = YES;
				CLANG_ENABLE_OBJC_ARC = YES;
				CLANG_ENABLE_OBJC_WEAK = YES;
				CLANG_WARN_BLOCK_CAPTURE_AUTORELEASING = YES;
				CLANG_WARN_BOOL_CONVERSION = YES;
				CLANG_WARN_COMMA = YES;
				CLANG_WARN_CONSTANT_CONVERSION = YES;
				CLANG_WARN_DEPRECATED_OBJC_IMPLEMENTATIONS = YES;
				CLANG_WARN_DIRECT_OBJC_ISA_USAGE = YES_ERROR;
				CLANG_WARN_DOCUMENTATION_COMMENTS = YES;
				CLANG_WARN_EMPTY_BODY = YES;
				CLANG_WARN_ENUM_CONVERSION = YES;
				CLANG_WARN_INFINITE_RECURSION = YES;
				CLANG_WARN_INT_CONVERSION = YES;
				CLANG_WARN_NON_LITERAL_NULL_CONVERSION = YES;
				CLANG_WARN_OBJC_IMPLICIT_RETAIN_SELF = YES;
				CLANG_WARN_OBJC_LITERAL_CONVERSION = YES;
				CLANG_WARN_OBJC_ROOT_CLASS = YES_ERROR;
				CLANG_WARN_QUOTED_INCLUDE_IN_FRAMEWORK_HEADER = YES;
				CLANG_WARN_RANGE_LOOP_ANALYSIS = YES;
				CLANG_WARN_STRICT_PROTOTYPES = YES;
				CLANG_WARN_SUSPICIOUS_MOVE = YES;
				CLANG_WARN_UNGUARDED_AVAILABILITY = YES_AGGRESSIVE;
				CLANG_WARN_UNREACHABLE_CODE = YES;
				CLANG_WARN__DUPLICATE_METHOD_MATCH = YES;
				COPY_PHASE_STRIP = NO;
				DEBUG_INFORMATION_FORMAT = dwarf;
				ENABLE_STRICT_OBJC_MSGSEND = YES;
				ENABLE_TESTABILITY = YES;
				GCC_C_LANGUAGE_STANDARD = gnu11;
				GCC_DYNAMIC_NO_PIC = NO;
				GCC_NO_COMMON_BLOCKS = YES;
				GCC_OPTIMIZATION_LEVEL = 0;
				GCC_PREPROCESSOR_DEFINITIONS = (
					"DEBUG=1",
					"$(inherited)",
				);
				GCC_WARN_64_TO_32_BIT_CONVERSION = YES;
				GCC_WARN_ABOUT_RETURN_TYPE = YES_ERROR;
				GCC_WARN_UNDECLARED_SELECTOR = YES;
				GCC_WARN_UNINITIALIZED_AUTOS = YES_AGGRESSIVE;
				GCC_WARN_UNUSED_FUNCTION = YES;
				GCC_WARN_UNUSED_VARIABLE = YES;
				IPHONEOS_DEPLOYMENT_TARGET = 13.0;
				MTL_ENABLE_DEBUG_INFO = INCLUDE_SOURCE;
				MTL_FAST_MATH = YES;
				ONLY_ACTIVE_ARCH = YES;
				SDKROOT = iphoneos;
				SWIFT_ACTIVE_COMPILATION_CONDITIONS = DEBUG;
				SWIFT_OPTIMIZATION_LEVEL = "-Onone";
			};
			name = Debug;
		};
		1F59B65A26FE478100C5A614 /* Release */ = {
			isa = XCBuildConfiguration;
			buildSettings = {
				ALWAYS_SEARCH_USER_PATHS = NO;
				CLANG_ANALYZER_LOCALIZABILITY_NONLOCALIZED = YES;
				CLANG_ANALYZER_NONNULL = YES;
				CLANG_ANALYZER_NUMBER_OBJECT_CONVERSION = YES_AGGRESSIVE;
				CLANG_CXX_LANGUAGE_STANDARD = "gnu++14";
				CLANG_CXX_LIBRARY = "libc++";
				CLANG_ENABLE_MODULES = YES;
				CLANG_ENABLE_OBJC_ARC = YES;
				CLANG_ENABLE_OBJC_WEAK = YES;
				CLANG_WARN_BLOCK_CAPTURE_AUTORELEASING = YES;
				CLANG_WARN_BOOL_CONVERSION = YES;
				CLANG_WARN_COMMA = YES;
				CLANG_WARN_CONSTANT_CONVERSION = YES;
				CLANG_WARN_DEPRECATED_OBJC_IMPLEMENTATIONS = YES;
				CLANG_WARN_DIRECT_OBJC_ISA_USAGE = YES_ERROR;
				CLANG_WARN_DOCUMENTATION_COMMENTS = YES;
				CLANG_WARN_EMPTY_BODY = YES;
				CLANG_WARN_ENUM_CONVERSION = YES;
				CLANG_WARN_INFINITE_RECURSION = YES;
				CLANG_WARN_INT_CONVERSION = YES;
				CLANG_WARN_NON_LITERAL_NULL_CONVERSION = YES;
				CLANG_WARN_OBJC_IMPLICIT_RETAIN_SELF = YES;
				CLANG_WARN_OBJC_LITERAL_CONVERSION = YES;
				CLANG_WARN_OBJC_ROOT_CLASS = YES_ERROR;
				CLANG_WARN_QUOTED_INCLUDE_IN_FRAMEWORK_HEADER = YES;
				CLANG_WARN_RANGE_LOOP_ANALYSIS = YES;
				CLANG_WARN_STRICT_PROTOTYPES = YES;
				CLANG_WARN_SUSPICIOUS_MOVE = YES;
				CLANG_WARN_UNGUARDED_AVAILABILITY = YES_AGGRESSIVE;
				CLANG_WARN_UNREACHABLE_CODE = YES;
				CLANG_WARN__DUPLICATE_METHOD_MATCH = YES;
				COPY_PHASE_STRIP = NO;
				DEBUG_INFORMATION_FORMAT = "dwarf-with-dsym";
				ENABLE_NS_ASSERTIONS = NO;
				ENABLE_STRICT_OBJC_MSGSEND = YES;
				GCC_C_LANGUAGE_STANDARD = gnu11;
				GCC_NO_COMMON_BLOCKS = YES;
				GCC_WARN_64_TO_32_BIT_CONVERSION = YES;
				GCC_WARN_ABOUT_RETURN_TYPE = YES_ERROR;
				GCC_WARN_UNDECLARED_SELECTOR = YES;
				GCC_WARN_UNINITIALIZED_AUTOS = YES_AGGRESSIVE;
				GCC_WARN_UNUSED_FUNCTION = YES;
				GCC_WARN_UNUSED_VARIABLE = YES;
				IPHONEOS_DEPLOYMENT_TARGET = 13.0;
				MTL_ENABLE_DEBUG_INFO = NO;
				MTL_FAST_MATH = YES;
				SDKROOT = iphoneos;
				SWIFT_COMPILATION_MODE = wholemodule;
				SWIFT_OPTIMIZATION_LEVEL = "-O";
				VALIDATE_PRODUCT = YES;
			};
			name = Release;
		};
		1F59B65C26FE478100C5A614 /* Debug */ = {
			isa = XCBuildConfiguration;
			baseConfigurationReference = C08727D070CCCF1D49523852 /* Pods-MobileDevApp.debug.xcconfig */;
			buildSettings = {
				ASSETCATALOG_COMPILER_APPICON_NAME = AppIcon;
				ASSETCATALOG_COMPILER_GLOBAL_ACCENT_COLOR_NAME = AccentColor;
				CODE_SIGN_STYLE = Automatic;
				DEVELOPMENT_TEAM = 6C4272876R;
				INFOPLIST_FILE = MobileDevApp/Info.plist;
				IPHONEOS_DEPLOYMENT_TARGET = 13.0;
				LD_RUNPATH_SEARCH_PATHS = (
					"$(inherited)",
					"@executable_path/Frameworks",
				);
				PRODUCT_BUNDLE_IDENTIFIER = com.tarraerarae.mobileDevApp;
				PRODUCT_NAME = "$(TARGET_NAME)";
				SWIFT_VERSION = 5.0;
				TARGETED_DEVICE_FAMILY = 1;
			};
			name = Debug;
		};
		1F59B65D26FE478100C5A614 /* Release */ = {
			isa = XCBuildConfiguration;
			baseConfigurationReference = CEE5D37FF9C31D89AA24BCCE /* Pods-MobileDevApp.release.xcconfig */;
			buildSettings = {
				ASSETCATALOG_COMPILER_APPICON_NAME = AppIcon;
				ASSETCATALOG_COMPILER_GLOBAL_ACCENT_COLOR_NAME = AccentColor;
				CODE_SIGN_STYLE = Automatic;
				DEVELOPMENT_TEAM = 6C4272876R;
				INFOPLIST_FILE = MobileDevApp/Info.plist;
				IPHONEOS_DEPLOYMENT_TARGET = 13.0;
				LD_RUNPATH_SEARCH_PATHS = (
					"$(inherited)",
					"@executable_path/Frameworks",
				);
				PRODUCT_BUNDLE_IDENTIFIER = com.tarraerarae.mobileDevApp;
				PRODUCT_NAME = "$(TARGET_NAME)";
				SWIFT_VERSION = 5.0;
				TARGETED_DEVICE_FAMILY = 1;
			};
			name = Release;
		};
/* End XCBuildConfiguration section */

/* Begin XCConfigurationList section */
		1F59B63F26FE477400C5A614 /* Build configuration list for PBXProject "MobileDevApp" */ = {
			isa = XCConfigurationList;
			buildConfigurations = (
				1F59B65926FE478100C5A614 /* Debug */,
				1F59B65A26FE478100C5A614 /* Release */,
			);
			defaultConfigurationIsVisible = 0;
			defaultConfigurationName = Release;
		};
		1F59B65B26FE478100C5A614 /* Build configuration list for PBXNativeTarget "MobileDevApp" */ = {
			isa = XCConfigurationList;
			buildConfigurations = (
				1F59B65C26FE478100C5A614 /* Debug */,
				1F59B65D26FE478100C5A614 /* Release */,
			);
			defaultConfigurationIsVisible = 0;
			defaultConfigurationName = Release;
		};
/* End XCConfigurationList section */

/* Begin XCVersionGroup section */
		1F59B65026FE477400C5A614 /* MobileDevApp.xcdatamodeld */ = {
			isa = XCVersionGroup;
			children = (
				1F59B65126FE477400C5A614 /* MobileDevApp.xcdatamodel */,
			);
			currentVersion = 1F59B65126FE477400C5A614 /* MobileDevApp.xcdatamodel */;
			path = MobileDevApp.xcdatamodeld;
			sourceTree = "<group>";
			versionGroupType = wrapper.xcdatamodel;
		};
/* End XCVersionGroup section */
	};
	rootObject = 1F59B63C26FE477400C5A614 /* Project object */;
}
